
Microsoft Visual Studio Solution File, Format Version 12.00
# Visual Studio Version 17
VisualStudioVersion = 17.2.32802.462
MinimumVisualStudioVersion = 10.0.40219.1
Project("{9A19103F-16F7-4668-BE54-9A1E7A4F7556}") = "WorkflowBackend", "WorkflowBackend.csproj", "{61073E6A-ACE8-463E-B6C5-5F92258A4AEB}"
EndProject
Global
	GlobalSection(SolutionConfigurationPlatforms) = preSolution
		Debug|Any CPU = Debug|Any CPU
		Release|Any CPU = Release|Any CPU
	EndGlobalSection
	GlobalSection(ProjectConfigurationPlatforms) = postSolution
		{61073E6A-ACE8-463E-B6C5-5F92258A4AEB}.Debug|Any CPU.ActiveCfg = Debug|Any CPU
		{61073E6A-ACE8-463E-B6C5-5F92258A4AEB}.Debug|Any CPU.Build.0 = Debug|Any CPU
		{61073E6A-ACE8-463E-B6C5-5F92258A4AEB}.Release|Any CPU.ActiveCfg = Release|Any CPU
		{61073E6A-ACE8-463E-B6C5-5F92258A4AEB}.Release|Any CPU.Build.0 = Release|Any CPU
	EndGlobalSection
	GlobalSection(SolutionProperties) = preSolution
		HideSolutionNode = FALSE
	EndGlobalSection
	GlobalSection(ExtensibilityGlobals) = postSolution
		SolutionGuid = {ACF9416E-F792-4352-B420-74659F2291C6}
	EndGlobalSection
EndGlobal
